
Microsoft Visual Studio Solution File, Format Version 12.00
# Visual Studio Version 16
VisualStudioVersion = 16.0.29519.87
MinimumVisualStudioVersion = 10.0.40219.1
Project("{9092AA53-FB77-4645-B42D-1CCCA6BD08BD}") = "MyRestaurantMSSQLAPI", "MyRestaurantMSSQLAPI\MyRestaurantMSSQLAPI.njsproj", "{4D94B435-DA0A-46AA-A742-91A691B0894D}"
EndProject
Global
	GlobalSection(SolutionConfigurationPlatforms) = preSolution
		Debug|Any CPU = Debug|Any CPU
		Release|Any CPU = Release|Any CPU
	EndGlobalSection
	GlobalSection(ProjectConfigurationPlatforms) = postSolution
		{4D94B435-DA0A-46AA-A742-91A691B0894D}.Debug|Any CPU.ActiveCfg = Debug|Any CPU
		{4D94B435-DA0A-46AA-A742-91A691B0894D}.Debug|Any CPU.Build.0 = Debug|Any CPU
		{4D94B435-DA0A-46AA-A742-91A691B0894D}.Release|Any CPU.ActiveCfg = Release|Any CPU
		{4D94B435-DA0A-46AA-A742-91A691B0894D}.Release|Any CPU.Build.0 = Release|Any CPU
	EndGlobalSection
	GlobalSection(SolutionProperties) = preSolution
		HideSolutionNode = FALSE
	EndGlobalSection
	GlobalSection(ExtensibilityGlobals) = postSolution
		SolutionGuid = {E814583C-9C7E-4A4D-993C-CBFCEB750B68}
	EndGlobalSection
EndGlobal
